// !$*UTF8*$!
{
	archiveVersion = 1;
	classes = {
	};
	objectVersion = 50;
	objects = {

/* Begin PBXBuildFile section */
		3F77345A21D417DF00509B71 /* AppDelegate.swift in Sources */ = {isa = PBXBuildFile; fileRef = 3F77345921D417DF00509B71 /* AppDelegate.swift */; };
		3F77345C21D417DF00509B71 /* ViewController.swift in Sources */ = {isa = PBXBuildFile; fileRef = 3F77345B21D417DF00509B71 /* ViewController.swift */; };
		3F77345F21D417DF00509B71 /* Main.storyboard in Resources */ = {isa = PBXBuildFile; fileRef = 3F77345D21D417DF00509B71 /* Main.storyboard */; };
		3F77346121D417E100509B71 /* Assets.xcassets in Resources */ = {isa = PBXBuildFile; fileRef = 3F77346021D417E100509B71 /* Assets.xcassets */; };
		3F77346421D417E100509B71 /* LaunchScreen.storyboard in Resources */ = {isa = PBXBuildFile; fileRef = 3F77346221D417E100509B71 /* LaunchScreen.storyboard */; };
		3F77346F21D417E200509B71 /* calfit_iosTests.swift in Sources */ = {isa = PBXBuildFile; fileRef = 3F77346E21D417E200509B71 /* calfit_iosTests.swift */; };
		3FC00BA421D57F210003801E /* CalorieReportViewController.swift in Sources */ = {isa = PBXBuildFile; fileRef = 3FC00BA221D57F210003801E /* CalorieReportViewController.swift */; };
		3FC00BA521D57F210003801E /* CalorieReportViewController.xib in Resources */ = {isa = PBXBuildFile; fileRef = 3FC00BA321D57F210003801E /* CalorieReportViewController.xib */; };
		3FC00BA821D57FAC0003801E /* TrackMealsViewController.swift in Sources */ = {isa = PBXBuildFile; fileRef = 3FC00BA621D57FAC0003801E /* TrackMealsViewController.swift */; };
		3FC00BA921D57FAC0003801E /* TrackMealsViewController.xib in Resources */ = {isa = PBXBuildFile; fileRef = 3FC00BA721D57FAC0003801E /* TrackMealsViewController.xib */; };
		3FC00BAC21D57FFF0003801E /* WeightLossViewController.swift in Sources */ = {isa = PBXBuildFile; fileRef = 3FC00BAA21D57FFF0003801E /* WeightLossViewController.swift */; };
		3FC00BAD21D57FFF0003801E /* WeightLossViewController.xib in Resources */ = {isa = PBXBuildFile; fileRef = 3FC00BAB21D57FFF0003801E /* WeightLossViewController.xib */; };
/* End PBXBuildFile section */

/* Begin PBXContainerItemProxy section */
		3F77346B21D417E200509B71 /* PBXContainerItemProxy */ = {
			isa = PBXContainerItemProxy;
			containerPortal = 3F77344E21D417DE00509B71 /* Project object */;
			proxyType = 1;
			remoteGlobalIDString = 3F77345521D417DF00509B71;
			remoteInfo = "calfit-ios";
		};
/* End PBXContainerItemProxy section */

/* Begin PBXFileReference section */
		3F77345621D417DF00509B71 /* calfit-ios.app */ = {isa = PBXFileReference; explicitFileType = wrapper.application; includeInIndex = 0; path = "calfit-ios.app"; sourceTree = BUILT_PRODUCTS_DIR; };
		3F77345921D417DF00509B71 /* AppDelegate.swift */ = {isa = PBXFileReference; lastKnownFileType = sourcecode.swift; path = AppDelegate.swift; sourceTree = "<group>"; };
		3F77345B21D417DF00509B71 /* ViewController.swift */ = {isa = PBXFileReference; lastKnownFileType = sourcecode.swift; path = ViewController.swift; sourceTree = "<group>"; };
		3F77345E21D417DF00509B71 /* Base */ = {isa = PBXFileReference; lastKnownFileType = file.storyboard; name = Base; path = Base.lproj/Main.storyboard; sourceTree = "<group>"; };
		3F77346021D417E100509B71 /* Assets.xcassets */ = {isa = PBXFileReference; lastKnownFileType = folder.assetcatalog; path = Assets.xcassets; sourceTree = "<group>"; };
		3F77346321D417E100509B71 /* Base */ = {isa = PBXFileReference; lastKnownFileType = file.storyboard; name = Base; path = Base.lproj/LaunchScreen.storyboard; sourceTree = "<group>"; };
		3F77346521D417E100509B71 /* Info.plist */ = {isa = PBXFileReference; lastKnownFileType = text.plist.xml; path = Info.plist; sourceTree = "<group>"; };
		3F77346A21D417E200509B71 /* calfit-iosTests.xctest */ = {isa = PBXFileReference; explicitFileType = wrapper.cfbundle; includeInIndex = 0; path = "calfit-iosTests.xctest"; sourceTree = BUILT_PRODUCTS_DIR; };
		3F77346E21D417E200509B71 /* calfit_iosTests.swift */ = {isa = PBXFileReference; lastKnownFileType = sourcecode.swift; path = calfit_iosTests.swift; sourceTree = "<group>"; };
		3F77347021D417E200509B71 /* Info.plist */ = {isa = PBXFileReference; lastKnownFileType = text.plist.xml; path = Info.plist; sourceTree = "<group>"; };
		3FC00BA221D57F210003801E /* CalorieReportViewController.swift */ = {isa = PBXFileReference; lastKnownFileType = sourcecode.swift; path = CalorieReportViewController.swift; sourceTree = "<group>"; };
		3FC00BA321D57F210003801E /* CalorieReportViewController.xib */ = {isa = PBXFileReference; lastKnownFileType = file.xib; path = CalorieReportViewController.xib; sourceTree = "<group>"; };
		3FC00BA621D57FAC0003801E /* TrackMealsViewController.swift */ = {isa = PBXFileReference; lastKnownFileType = sourcecode.swift; path = TrackMealsViewController.swift; sourceTree = "<group>"; };
		3FC00BA721D57FAC0003801E /* TrackMealsViewController.xib */ = {isa = PBXFileReference; lastKnownFileType = file.xib; path = TrackMealsViewController.xib; sourceTree = "<group>"; };
		3FC00BAA21D57FFF0003801E /* WeightLossViewController.swift */ = {isa = PBXFileReference; lastKnownFileType = sourcecode.swift; path = WeightLossViewController.swift; sourceTree = "<group>"; };
		3FC00BAB21D57FFF0003801E /* WeightLossViewController.xib */ = {isa = PBXFileReference; lastKnownFileType = file.xib; path = WeightLossViewController.xib; sourceTree = "<group>"; };
/* End PBXFileReference section */

/* Begin PBXFrameworksBuildPhase section */
		3F77345321D417DE00509B71 /* Frameworks */ = {
			isa = PBXFrameworksBuildPhase;
			buildActionMask = 2147483647;
			files = (
			);
			runOnlyForDeploymentPostprocessing = 0;
		};
		3F77346721D417E200509B71 /* Frameworks */ = {
			isa = PBXFrameworksBuildPhase;
			buildActionMask = 2147483647;
			files = (
			);
			runOnlyForDeploymentPostprocessing = 0;
		};
/* End PBXFrameworksBuildPhase section */

/* Begin PBXGroup section */
		3F77344D21D417DE00509B71 = {
			isa = PBXGroup;
			children = (
				3F77345821D417DF00509B71 /* calfit-ios */,
				3F77346D21D417E200509B71 /* calfit-iosTests */,
				3F77345721D417DF00509B71 /* Products */,
			);
			sourceTree = "<group>";
		};
		3F77345721D417DF00509B71 /* Products */ = {
			isa = PBXGroup;
			children = (
				3F77345621D417DF00509B71 /* calfit-ios.app */,
				3F77346A21D417E200509B71 /* calfit-iosTests.xctest */,
			);
			name = Products;
			sourceTree = "<group>";
		};
		3F77345821D417DF00509B71 /* calfit-ios */ = {
			isa = PBXGroup;
			children = (
				3F77345921D417DF00509B71 /* AppDelegate.swift */,
				3F77345B21D417DF00509B71 /* ViewController.swift */,
				3F77345D21D417DF00509B71 /* Main.storyboard */,
				3FC00BAA21D57FFF0003801E /* WeightLossViewController.swift */,
				3FC00BAB21D57FFF0003801E /* WeightLossViewController.xib */,
				3FC00BA621D57FAC0003801E /* TrackMealsViewController.swift */,
				3FC00BA721D57FAC0003801E /* TrackMealsViewController.xib */,
				3FC00BA221D57F210003801E /* CalorieReportViewController.swift */,
				3FC00BA321D57F210003801E /* CalorieReportViewController.xib */,
				3F77346021D417E100509B71 /* Assets.xcassets */,
				3F77346221D417E100509B71 /* LaunchScreen.storyboard */,
				3F77346521D417E100509B71 /* Info.plist */,
			);
			path = "calfit-ios";
			sourceTree = "<group>";
		};
		3F77346D21D417E200509B71 /* calfit-iosTests */ = {
			isa = PBXGroup;
			children = (
				3F77346E21D417E200509B71 /* calfit_iosTests.swift */,
				3F77347021D417E200509B71 /* Info.plist */,
			);
			path = "calfit-iosTests";
			sourceTree = "<group>";
		};
/* End PBXGroup section */

/* Begin PBXNativeTarget section */
		3F77345521D417DF00509B71 /* calfit-ios */ = {
			isa = PBXNativeTarget;
			buildConfigurationList = 3F77347321D417E200509B71 /* Build configuration list for PBXNativeTarget "calfit-ios" */;
			buildPhases = (
				3F77345221D417DE00509B71 /* Sources */,
				3F77345321D417DE00509B71 /* Frameworks */,
				3F77345421D417DE00509B71 /* Resources */,
			);
			buildRules = (
			);
			dependencies = (
			);
			name = "calfit-ios";
			productName = "calfit-ios";
			productReference = 3F77345621D417DF00509B71 /* calfit-ios.app */;
			productType = "com.apple.product-type.application";
		};
		3F77346921D417E200509B71 /* calfit-iosTests */ = {
			isa = PBXNativeTarget;
			buildConfigurationList = 3F77347621D417E200509B71 /* Build configuration list for PBXNativeTarget "calfit-iosTests" */;
			buildPhases = (
				3F77346621D417E200509B71 /* Sources */,
				3F77346721D417E200509B71 /* Frameworks */,
				3F77346821D417E200509B71 /* Resources */,
			);
			buildRules = (
			);
			dependencies = (
				3F77346C21D417E200509B71 /* PBXTargetDependency */,
			);
			name = "calfit-iosTests";
			productName = "calfit-iosTests";
			productReference = 3F77346A21D417E200509B71 /* calfit-iosTests.xctest */;
			productType = "com.apple.product-type.bundle.unit-test";
		};
/* End PBXNativeTarget section */

/* Begin PBXProject section */
		3F77344E21D417DE00509B71 /* Project object */ = {
			isa = PBXProject;
			attributes = {
				LastSwiftUpdateCheck = 0940;
				LastUpgradeCheck = 0940;
				ORGANIZATIONNAME = "Emilio Marquez";
				TargetAttributes = {
					3F77345521D417DF00509B71 = {
						CreatedOnToolsVersion = 9.4.1;
						LastSwiftMigration = 1010;
					};
					3F77346921D417E200509B71 = {
						CreatedOnToolsVersion = 9.4.1;
						LastSwiftMigration = 1010;
						TestTargetID = 3F77345521D417DF00509B71;
					};
				};
			};
			buildConfigurationList = 3F77345121D417DE00509B71 /* Build configuration list for PBXProject "calfit-ios" */;
			compatibilityVersion = "Xcode 9.3";
			developmentRegion = en;
			hasScannedForEncodings = 0;
			knownRegions = (
				en,
				Base,
			);
			mainGroup = 3F77344D21D417DE00509B71;
			productRefGroup = 3F77345721D417DF00509B71 /* Products */;
			projectDirPath = "";
			projectRoot = "";
			targets = (
				3F77345521D417DF00509B71 /* calfit-ios */,
				3F77346921D417E200509B71 /* calfit-iosTests */,
			);
		};
/* End PBXProject section */

/* Begin PBXResourcesBuildPhase section */
		3F77345421D417DE00509B71 /* Resources */ = {
			isa = PBXResourcesBuildPhase;
			buildActionMask = 2147483647;
			files = (
				3F77346421D417E100509B71 /* LaunchScreen.storyboard in Resources */,
				3FC00BA921D57FAC0003801E /* TrackMealsViewController.xib in Resources */,
				3F77346121D417E100509B71 /* Assets.xcassets in Resources */,
				3FC00BAD21D57FFF0003801E /* WeightLossViewController.xib in Resources */,
				3FC00BA521D57F210003801E /* CalorieReportViewController.xib in Resources */,
				3F77345F21D417DF00509B71 /* Main.storyboard in Resources */,
			);
			runOnlyForDeploymentPostprocessing = 0;
		};
		3F77346821D417E200509B71 /* Resources */ = {
			isa = PBXResourcesBuildPhase;
			buildActionMask = 2147483647;
			files = (
			);
			runOnlyForDeploymentPostprocessing = 0;
		};
/* End PBXResourcesBuildPhase section */

/* Begin PBXSourcesBuildPhase section */
		3F77345221D417DE00509B71 /* Sources */ = {
			isa = PBXSourcesBuildPhase;
			buildActionMask = 2147483647;
			files = (
				3FC00BA421D57F210003801E /* CalorieReportViewController.swift in Sources */,
				3F77345C21D417DF00509B71 /* ViewController.swift in Sources */,
				3F77345A21D417DF00509B71 /* AppDelegate.swift in Sources */,
				3FC00BA821D57FAC0003801E /* TrackMealsViewController.swift in Sources */,
				3FC00BAC21D57FFF0003801E /* WeightLossViewController.swift in Sources */,
			);
			runOnlyForDeploymentPostprocessing = 0;
		};
		3F77346621D417E200509B71 /* Sources */ = {
			isa = PBXSourcesBuildPhase;
			buildActionMask = 2147483647;
			files = (
				3F77346F21D417E200509B71 /* calfit_iosTests.swift in Sources */,
			);
			runOnlyForDeploymentPostprocessing = 0;
		};
/* End PBXSourcesBuildPhase section */

/* Begin PBXTargetDependency section */
		3F77346C21D417E200509B71 /* PBXTargetDependency */ = {
			isa = PBXTargetDependency;
			target = 3F77345521D417DF00509B71 /* calfit-ios */;
			targetProxy = 3F77346B21D417E200509B71 /* PBXContainerItemProxy */;
		};
/* End PBXTargetDependency section */

/* Begin PBXVariantGroup section */
		3F77345D21D417DF00509B71 /* Main.storyboard */ = {
			isa = PBXVariantGroup;
			children = (
				3F77345E21D417DF00509B71 /* Base */,
			);
			name = Main.storyboard;
			sourceTree = "<group>";
		};
		3F77346221D417E100509B71 /* LaunchScreen.storyboard */ = {
			isa = PBXVariantGroup;
			children = (
				3F77346321D417E100509B71 /* Base */,
			);
			name = LaunchScreen.storyboard;
			sourceTree = "<group>";
		};
/* End PBXVariantGroup section */

/* Begin XCBuildConfiguration section */
		3F77347121D417E200509B71 /* Debug */ = {
			isa = XCBuildConfiguration;
			buildSettings = {
				ALWAYS_SEARCH_USER_PATHS = NO;
				CLANG_ANALYZER_NONNULL = YES;
				CLANG_ANALYZER_NUMBER_OBJECT_CONVERSION = YES_AGGRESSIVE;
				CLANG_CXX_LANGUAGE_STANDARD = "gnu++14";
				CLANG_CXX_LIBRARY = "libc++";
				CLANG_ENABLE_MODULES = YES;
				CLANG_ENABLE_OBJC_ARC = YES;
				CLANG_ENABLE_OBJC_WEAK = YES;
				CLANG_WARN_BLOCK_CAPTURE_AUTORELEASING = YES;
				CLANG_WARN_BOOL_CONVERSION = YES;
				CLANG_WARN_COMMA = YES;
				CLANG_WARN_CONSTANT_CONVERSION = YES;
				CLANG_WARN_DEPRECATED_OBJC_IMPLEMENTATIONS = YES;
				CLANG_WARN_DIRECT_OBJC_ISA_USAGE = YES_ERROR;
				CLANG_WARN_DOCUMENTATION_COMMENTS = YES;
				CLANG_WARN_EMPTY_BODY = YES;
				CLANG_WARN_ENUM_CONVERSION = YES;
				CLANG_WARN_INFINITE_RECURSION = YES;
				CLANG_WARN_INT_CONVERSION = YES;
				CLANG_WARN_NON_LITERAL_NULL_CONVERSION = YES;
				CLANG_WARN_OBJC_IMPLICIT_RETAIN_SELF = YES;
				CLANG_WARN_OBJC_LITERAL_CONVERSION = YES;
				CLANG_WARN_OBJC_ROOT_CLASS = YES_ERROR;
				CLANG_WARN_RANGE_LOOP_ANALYSIS = YES;
				CLANG_WARN_STRICT_PROTOTYPES = YES;
				CLANG_WARN_SUSPICIOUS_MOVE = YES;
				CLANG_WARN_UNGUARDED_AVAILABILITY = YES_AGGRESSIVE;
				CLANG_WARN_UNREACHABLE_CODE = YES;
				CLANG_WARN__DUPLICATE_METHOD_MATCH = YES;
				CODE_SIGN_IDENTITY = "iPhone Developer";
				COPY_PHASE_STRIP = NO;
				DEBUG_INFORMATION_FORMAT = dwarf;
				ENABLE_STRICT_OBJC_MSGSEND = YES;
				ENABLE_TESTABILITY = YES;
				GCC_C_LANGUAGE_STANDARD = gnu11;
				GCC_DYNAMIC_NO_PIC = NO;
				GCC_NO_COMMON_BLOCKS = YES;
				GCC_OPTIMIZATION_LEVEL = 0;
				GCC_PREPROCESSOR_DEFINITIONS = (
					"DEBUG=1",
					"$(inherited)",
				);
				GCC_WARN_64_TO_32_BIT_CONVERSION = YES;
				GCC_WARN_ABOUT_RETURN_TYPE = YES_ERROR;
				GCC_WARN_UNDECLARED_SELECTOR = YES;
				GCC_WARN_UNINITIALIZED_AUTOS = YES_AGGRESSIVE;
				GCC_WARN_UNUSED_FUNCTION = YES;
				GCC_WARN_UNUSED_VARIABLE = YES;
				IPHONEOS_DEPLOYMENT_TARGET = 11.4;
				MTL_ENABLE_DEBUG_INFO = YES;
				ONLY_ACTIVE_ARCH = YES;
				SDKROOT = iphoneos;
				SWIFT_ACTIVE_COMPILATION_CONDITIONS = DEBUG;
				SWIFT_OPTIMIZATION_LEVEL = "-Onone";
			};
			name = Debug;
		};
		3F77347221D417E200509B71 /* Release */ = {
			isa = XCBuildConfiguration;
			buildSettings = {
				ALWAYS_SEARCH_USER_PATHS = NO;
				CLANG_ANALYZER_NONNULL = YES;
				CLANG_ANALYZER_NUMBER_OBJECT_CONVERSION = YES_AGGRESSIVE;
				CLANG_CXX_LANGUAGE_STANDARD = "gnu++14";
				CLANG_CXX_LIBRARY = "libc++";
				CLANG_ENABLE_MODULES = YES;
				CLANG_ENABLE_OBJC_ARC = YES;
				CLANG_ENABLE_OBJC_WEAK = YES;
				CLANG_WARN_BLOCK_CAPTURE_AUTORELEASING = YES;
				CLANG_WARN_BOOL_CONVERSION = YES;
				CLANG_WARN_COMMA = YES;
				CLANG_WARN_CONSTANT_CONVERSION = YES;
				CLANG_WARN_DEPRECATED_OBJC_IMPLEMENTATIONS = YES;
				CLANG_WARN_DIRECT_OBJC_ISA_USAGE = YES_ERROR;
				CLANG_WARN_DOCUMENTATION_COMMENTS = YES;
				CLANG_WARN_EMPTY_BODY = YES;
				CLANG_WARN_ENUM_CONVERSION = YES;
				CLANG_WARN_INFINITE_RECURSION = YES;
				CLANG_WARN_INT_CONVERSION = YES;
				CLANG_WARN_NON_LITERAL_NULL_CONVERSION = YES;
				CLANG_WARN_OBJC_IMPLICIT_RETAIN_SELF = YES;
				CLANG_WARN_OBJC_LITERAL_CONVERSION = YES;
				CLANG_WARN_OBJC_ROOT_CLASS = YES_ERROR;
				CLANG_WARN_RANGE_LOOP_ANALYSIS = YES;
				CLANG_WARN_STRICT_PROTOTYPES = YES;
				CLANG_WARN_SUSPICIOUS_MOVE = YES;
				CLANG_WARN_UNGUARDED_AVAILABILITY = YES_AGGRESSIVE;
				CLANG_WARN_UNREACHABLE_CODE = YES;
				CLANG_WARN__DUPLICATE_METHOD_MATCH = YES;
				CODE_SIGN_IDENTITY = "iPhone Developer";
				COPY_PHASE_STRIP = NO;
				DEBUG_INFORMATION_FORMAT = "dwarf-with-dsym";
				ENABLE_NS_ASSERTIONS = NO;
				ENABLE_STRICT_OBJC_MSGSEND = YES;
				GCC_C_LANGUAGE_STANDARD = gnu11;
				GCC_NO_COMMON_BLOCKS = YES;
				GCC_WARN_64_TO_32_BIT_CONVERSION = YES;
				GCC_WARN_ABOUT_RETURN_TYPE = YES_ERROR;
				GCC_WARN_UNDECLARED_SELECTOR = YES;
				GCC_WARN_UNINITIALIZED_AUTOS = YES_AGGRESSIVE;
				GCC_WARN_UNUSED_FUNCTION = YES;
				GCC_WARN_UNUSED_VARIABLE = YES;
				IPHONEOS_DEPLOYMENT_TARGET = 11.4;
				MTL_ENABLE_DEBUG_INFO = NO;
				SDKROOT = iphoneos;
				SWIFT_COMPILATION_MODE = wholemodule;
				SWIFT_OPTIMIZATION_LEVEL = "-O";
				VALIDATE_PRODUCT = YES;
			};
			name = Release;
		};
		3F77347421D417E200509B71 /* Debug */ = {
			isa = XCBuildConfiguration;
			buildSettings = {
				ASSETCATALOG_COMPILER_APPICON_NAME = AppIcon;
				CODE_SIGN_STYLE = Automatic;
				DEVELOPMENT_TEAM = 39J55SCZXP;
				INFOPLIST_FILE = "calfit-ios/Info.plist";
				LD_RUNPATH_SEARCH_PATHS = (
					"$(inherited)",
					"@executable_path/Frameworks",
				);
				PRODUCT_BUNDLE_IDENTIFIER = "com.example.calfit-ios";
				PRODUCT_NAME = "$(TARGET_NAME)";
				SWIFT_VERSION = 4.2;
				TARGETED_DEVICE_FAMILY = "1,2";
			};
			name = Debug;
		};
		3F77347521D417E200509B71 /* Release */ = {
			isa = XCBuildConfiguration;
			buildSettings = {
				ASSETCATALOG_COMPILER_APPICON_NAME = AppIcon;
				CODE_SIGN_STYLE = Automatic;
				DEVELOPMENT_TEAM = 39J55SCZXP;
				INFOPLIST_FILE = "calfit-ios/Info.plist";
				LD_RUNPATH_SEARCH_PATHS = (
					"$(inherited)",
					"@executable_path/Frameworks",
				);
				PRODUCT_BUNDLE_IDENTIFIER = "com.example.calfit-ios";
				PRODUCT_NAME = "$(TARGET_NAME)";
				SWIFT_VERSION = 4.2;
				TARGETED_DEVICE_FAMILY = "1,2";
			};
			name = Release;
		};
		3F77347721D417E200509B71 /* Debug */ = {
			isa = XCBuildConfiguration;
			buildSettings = {
				ALWAYS_EMBED_SWIFT_STANDARD_LIBRARIES = YES;
				BUNDLE_LOADER = "$(TEST_HOST)";
				CODE_SIGN_STYLE = Automatic;
				INFOPLIST_FILE = "calfit-iosTests/Info.plist";
				LD_RUNPATH_SEARCH_PATHS = (
					"$(inherited)",
					"@executable_path/Frameworks",
					"@loader_path/Frameworks",
				);
				PRODUCT_BUNDLE_IDENTIFIER = "com.example.calfit-iosTests";
				PRODUCT_NAME = "$(TARGET_NAME)";
				SWIFT_VERSION = 4.2;
				TARGETED_DEVICE_FAMILY = "1,2";
				TEST_HOST = "$(BUILT_PRODUCTS_DIR)/calfit-ios.app/calfit-ios";
			};
			name = Debug;
		};
		3F77347821D417E200509B71 /* Release */ = {
			isa = XCBuildConfiguration;
			buildSettings = {
				ALWAYS_EMBED_SWIFT_STANDARD_LIBRARIES = YES;
				BUNDLE_LOADER = "$(TEST_HOST)";
				CODE_SIGN_STYLE = Automatic;
				INFOPLIST_FILE = "calfit-iosTests/Info.plist";
				LD_RUNPATH_SEARCH_PATHS = (
					"$(inherited)",
					"@executable_path/Frameworks",
					"@loader_path/Frameworks",
				);
				PRODUCT_BUNDLE_IDENTIFIER = "com.example.calfit-iosTests";
				PRODUCT_NAME = "$(TARGET_NAME)";
				SWIFT_VERSION = 4.2;
				TARGETED_DEVICE_FAMILY = "1,2";
				TEST_HOST = "$(BUILT_PRODUCTS_DIR)/calfit-ios.app/calfit-ios";
			};
			name = Release;
		};
/* End XCBuildConfiguration section */

/* Begin XCConfigurationList section */
		3F77345121D417DE00509B71 /* Build configuration list for PBXProject "calfit-ios" */ = {
			isa = XCConfigurationList;
			buildConfigurations = (
				3F77347121D417E200509B71 /* Debug */,
				3F77347221D417E200509B71 /* Release */,
			);
			defaultConfigurationIsVisible = 0;
			defaultConfigurationName = Release;
		};
		3F77347321D417E200509B71 /* Build configuration list for PBXNativeTarget "calfit-ios" */ = {
			isa = XCConfigurationList;
			buildConfigurations = (
				3F77347421D417E200509B71 /* Debug */,
				3F77347521D417E200509B71 /* Release */,
			);
			defaultConfigurationIsVisible = 0;
			defaultConfigurationName = Release;
		};
		3F77347621D417E200509B71 /* Build configuration list for PBXNativeTarget "calfit-iosTests" */ = {
			isa = XCConfigurationList;
			buildConfigurations = (
				3F77347721D417E200509B71 /* Debug */,
				3F77347821D417E200509B71 /* Release */,
			);
			defaultConfigurationIsVisible = 0;
			defaultConfigurationName = Release;
		};
/* End XCConfigurationList section */
	};
	rootObject = 3F77344E21D417DE00509B71 /* Project object */;
}
